// !$*UTF8*$!
{
	archiveVersion = 1;
	classes = {
	};
	objectVersion = 51;
	objects = {

/* Begin PBXBuildFile section */
		340EF5BB231BA24100B9917D /* AppDelegate.swift in Sources */ = {isa = PBXBuildFile; fileRef = 340EF5BA231BA24100B9917D /* AppDelegate.swift */; };
		340EF5C0231BA24100B9917D /* Main.storyboard in Resources */ = {isa = PBXBuildFile; fileRef = 340EF5BE231BA24100B9917D /* Main.storyboard */; };
		340EF5C2231BA24700B9917D /* Assets.xcassets in Resources */ = {isa = PBXBuildFile; fileRef = 340EF5C1231BA24700B9917D /* Assets.xcassets */; };
		340EF5C5231BA24700B9917D /* LaunchScreen.storyboard in Resources */ = {isa = PBXBuildFile; fileRef = 340EF5C3231BA24700B9917D /* LaunchScreen.storyboard */; };
		340EF5CD231BA31300B9917D /* NowPlayingViewController.swift in Sources */ = {isa = PBXBuildFile; fileRef = 340EF5CC231BA31300B9917D /* NowPlayingViewController.swift */; };
		340EF5D2231BA3E300B9917D /* NowPlayingListItemTableViewCell.swift in Sources */ = {isa = PBXBuildFile; fileRef = 340EF5D0231BA3E300B9917D /* NowPlayingListItemTableViewCell.swift */; };
		340EF5D3231BA3E300B9917D /* NowPlayingListItemTableViewCell.xib in Resources */ = {isa = PBXBuildFile; fileRef = 340EF5D1231BA3E300B9917D /* NowPlayingListItemTableViewCell.xib */; };
		340EF5D5231BA84700B9917D /* MovieVO.swift in Sources */ = {isa = PBXBuildFile; fileRef = 340EF5D4231BA84700B9917D /* MovieVO.swift */; };
		340EF5D7231BAC1A00B9917D /* MovieResponse.swift in Sources */ = {isa = PBXBuildFile; fileRef = 340EF5D6231BAC1A00B9917D /* MovieResponse.swift */; };
		5C6213742A60D99E5CE09631 /* Pods_The_Movie_App.framework in Frameworks */ = {isa = PBXBuildFile; fileRef = D998722F4A49F97E91F5253A /* Pods_The_Movie_App.framework */; };
/* End PBXBuildFile section */

/* Begin PBXFileReference section */
		22E985F80774688E24383D1B /* Pods-The Movie App.debug.xcconfig */ = {isa = PBXFileReference; includeInIndex = 1; lastKnownFileType = text.xcconfig; name = "Pods-The Movie App.debug.xcconfig"; path = "Target Support Files/Pods-The Movie App/Pods-The Movie App.debug.xcconfig"; sourceTree = "<group>"; };
		340EF5B7231BA24100B9917D /* The Movie App.app */ = {isa = PBXFileReference; explicitFileType = wrapper.application; includeInIndex = 0; path = "The Movie App.app"; sourceTree = BUILT_PRODUCTS_DIR; };
		340EF5BA231BA24100B9917D /* AppDelegate.swift */ = {isa = PBXFileReference; lastKnownFileType = sourcecode.swift; path = AppDelegate.swift; sourceTree = "<group>"; };
		340EF5BF231BA24100B9917D /* Base */ = {isa = PBXFileReference; lastKnownFileType = file.storyboard; name = Base; path = Base.lproj/Main.storyboard; sourceTree = "<group>"; };
		340EF5C1231BA24700B9917D /* Assets.xcassets */ = {isa = PBXFileReference; lastKnownFileType = folder.assetcatalog; path = Assets.xcassets; sourceTree = "<group>"; };
		340EF5C4231BA24700B9917D /* Base */ = {isa = PBXFileReference; lastKnownFileType = file.storyboard; name = Base; path = Base.lproj/LaunchScreen.storyboard; sourceTree = "<group>"; };
		340EF5C6231BA24700B9917D /* Info.plist */ = {isa = PBXFileReference; lastKnownFileType = text.plist.xml; path = Info.plist; sourceTree = "<group>"; };
		340EF5CC231BA31300B9917D /* NowPlayingViewController.swift */ = {isa = PBXFileReference; lastKnownFileType = sourcecode.swift; path = NowPlayingViewController.swift; sourceTree = "<group>"; };
		340EF5D0231BA3E300B9917D /* NowPlayingListItemTableViewCell.swift */ = {isa = PBXFileReference; lastKnownFileType = sourcecode.swift; path = NowPlayingListItemTableViewCell.swift; sourceTree = "<group>"; };
		340EF5D1231BA3E300B9917D /* NowPlayingListItemTableViewCell.xib */ = {isa = PBXFileReference; lastKnownFileType = file.xib; path = NowPlayingListItemTableViewCell.xib; sourceTree = "<group>"; };
		340EF5D4231BA84700B9917D /* MovieVO.swift */ = {isa = PBXFileReference; lastKnownFileType = sourcecode.swift; path = MovieVO.swift; sourceTree = "<group>"; };
		340EF5D6231BAC1A00B9917D /* MovieResponse.swift */ = {isa = PBXFileReference; lastKnownFileType = sourcecode.swift; path = MovieResponse.swift; sourceTree = "<group>"; };
		4C86DACA3070456F01C238E6 /* Pods-The Movie App.release.xcconfig */ = {isa = PBXFileReference; includeInIndex = 1; lastKnownFileType = text.xcconfig; name = "Pods-The Movie App.release.xcconfig"; path = "Target Support Files/Pods-The Movie App/Pods-The Movie App.release.xcconfig"; sourceTree = "<group>"; };
		D998722F4A49F97E91F5253A /* Pods_The_Movie_App.framework */ = {isa = PBXFileReference; explicitFileType = wrapper.framework; includeInIndex = 0; path = Pods_The_Movie_App.framework; sourceTree = BUILT_PRODUCTS_DIR; };
/* End PBXFileReference section */

/* Begin PBXFrameworksBuildPhase section */
		340EF5B4231BA24100B9917D /* Frameworks */ = {
			isa = PBXFrameworksBuildPhase;
			buildActionMask = 2147483647;
			files = (
				5C6213742A60D99E5CE09631 /* Pods_The_Movie_App.framework in Frameworks */,
			);
			runOnlyForDeploymentPostprocessing = 0;
		};
/* End PBXFrameworksBuildPhase section */

/* Begin PBXGroup section */
		340EF5AE231BA24100B9917D = {
			isa = PBXGroup;
			children = (
				340EF5B9231BA24100B9917D /* The Movie App */,
				340EF5B8231BA24100B9917D /* Products */,
				E04269F596A693C2C8078871 /* Pods */,
				3FB976C4FDD1B76B9138F5E3 /* Frameworks */,
			);
			sourceTree = "<group>";
		};
		340EF5B8231BA24100B9917D /* Products */ = {
			isa = PBXGroup;
			children = (
				340EF5B7231BA24100B9917D /* The Movie App.app */,
			);
			name = Products;
			sourceTree = "<group>";
		};
		340EF5B9231BA24100B9917D /* The Movie App */ = {
			isa = PBXGroup;
			children = (
				340EF5BA231BA24100B9917D /* AppDelegate.swift */,
				340EF5BE231BA24100B9917D /* Main.storyboard */,
				340EF5C1231BA24700B9917D /* Assets.xcassets */,
				340EF5C3231BA24700B9917D /* LaunchScreen.storyboard */,
				340EF5C6231BA24700B9917D /* Info.plist */,
				340EF5CC231BA31300B9917D /* NowPlayingViewController.swift */,
				340EF5D0231BA3E300B9917D /* NowPlayingListItemTableViewCell.swift */,
				340EF5D1231BA3E300B9917D /* NowPlayingListItemTableViewCell.xib */,
				340EF5D4231BA84700B9917D /* MovieVO.swift */,
				340EF5D6231BAC1A00B9917D /* MovieResponse.swift */,
			);
			path = "The Movie App";
			sourceTree = "<group>";
		};
		3FB976C4FDD1B76B9138F5E3 /* Frameworks */ = {
			isa = PBXGroup;
			children = (
				D998722F4A49F97E91F5253A /* Pods_The_Movie_App.framework */,
			);
			name = Frameworks;
			sourceTree = "<group>";
		};
		E04269F596A693C2C8078871 /* Pods */ = {
			isa = PBXGroup;
			children = (
				22E985F80774688E24383D1B /* Pods-The Movie App.debug.xcconfig */,
				4C86DACA3070456F01C238E6 /* Pods-The Movie App.release.xcconfig */,
			);
			path = Pods;
			sourceTree = "<group>";
		};
/* End PBXGroup section */

/* Begin PBXNativeTarget section */
		340EF5B6231BA24100B9917D /* The Movie App */ = {
			isa = PBXNativeTarget;
			buildConfigurationList = 340EF5C9231BA24700B9917D /* Build configuration list for PBXNativeTarget "The Movie App" */;
			buildPhases = (
				EA516DFCF2A8C23FC8EB0BE8 /* [CP] Check Pods Manifest.lock */,
				340EF5B3231BA24100B9917D /* Sources */,
				340EF5B4231BA24100B9917D /* Frameworks */,
				340EF5B5231BA24100B9917D /* Resources */,
				44727EBF4B52DA2C825C89CA /* [CP] Embed Pods Frameworks */,
			);
			buildRules = (
			);
			dependencies = (
			);
			name = "The Movie App";
			productName = "The Movie App";
			productReference = 340EF5B7231BA24100B9917D /* The Movie App.app */;
			productType = "com.apple.product-type.application";
		};
/* End PBXNativeTarget section */

/* Begin PBXProject section */
		340EF5AF231BA24100B9917D /* Project object */ = {
			isa = PBXProject;
			attributes = {
				LastSwiftUpdateCheck = 1020;
				LastUpgradeCheck = 1020;
				ORGANIZATIONNAME = "Ye Ko Ko Htet";
				TargetAttributes = {
					340EF5B6231BA24100B9917D = {
						CreatedOnToolsVersion = 10.2.1;
					};
				};
			};
			buildConfigurationList = 340EF5B2231BA24100B9917D /* Build configuration list for PBXProject "The Movie App" */;
			compatibilityVersion = "Xcode 9.3";
			developmentRegion = en;
			hasScannedForEncodings = 0;
			knownRegions = (
				en,
				Base,
			);
			mainGroup = 340EF5AE231BA24100B9917D;
			productRefGroup = 340EF5B8231BA24100B9917D /* Products */;
			projectDirPath = "";
			projectRoot = "";
			targets = (
				340EF5B6231BA24100B9917D /* The Movie App */,
			);
		};
/* End PBXProject section */

/* Begin PBXResourcesBuildPhase section */
		340EF5B5231BA24100B9917D /* Resources */ = {
			isa = PBXResourcesBuildPhase;
			buildActionMask = 2147483647;
			files = (
				340EF5C5231BA24700B9917D /* LaunchScreen.storyboard in Resources */,
				340EF5C2231BA24700B9917D /* Assets.xcassets in Resources */,
				340EF5D3231BA3E300B9917D /* NowPlayingListItemTableViewCell.xib in Resources */,
				340EF5C0231BA24100B9917D /* Main.storyboard in Resources */,
			);
			runOnlyForDeploymentPostprocessing = 0;
		};
/* End PBXResourcesBuildPhase section */

/* Begin PBXShellScriptBuildPhase section */
		44727EBF4B52DA2C825C89CA /* [CP] Embed Pods Frameworks */ = {
			isa = PBXShellScriptBuildPhase;
			buildActionMask = 2147483647;
			files = (
			);
			inputFileListPaths = (
				"${PODS_ROOT}/Target Support Files/Pods-The Movie App/Pods-The Movie App-frameworks-${CONFIGURATION}-input-files.xcfilelist",
			);
			name = "[CP] Embed Pods Frameworks";
			outputFileListPaths = (
				"${PODS_ROOT}/Target Support Files/Pods-The Movie App/Pods-The Movie App-frameworks-${CONFIGURATION}-output-files.xcfilelist",
			);
			runOnlyForDeploymentPostprocessing = 0;
			shellPath = /bin/sh;
			shellScript = "\"${PODS_ROOT}/Target Support Files/Pods-The Movie App/Pods-The Movie App-frameworks.sh\"\n";
			showEnvVarsInLog = 0;
		};
		EA516DFCF2A8C23FC8EB0BE8 /* [CP] Check Pods Manifest.lock */ = {
			isa = PBXShellScriptBuildPhase;
			buildActionMask = 2147483647;
			files = (
			);
			inputFileListPaths = (
			);
			inputPaths = (
				"${PODS_PODFILE_DIR_PATH}/Podfile.lock",
				"${PODS_ROOT}/Manifest.lock",
			);
			name = "[CP] Check Pods Manifest.lock";
			outputFileListPaths = (
			);
			outputPaths = (
				"$(DERIVED_FILE_DIR)/Pods-The Movie App-checkManifestLockResult.txt",
			);
			runOnlyForDeploymentPostprocessing = 0;
			shellPath = /bin/sh;
			shellScript = "diff \"${PODS_PODFILE_DIR_PATH}/Podfile.lock\" \"${PODS_ROOT}/Manifest.lock\" > /dev/null\nif [ $? != 0 ] ; then\n    # print error to STDERR\n    echo \"error: The sandbox is not in sync with the Podfile.lock. Run 'pod install' or update your CocoaPods installation.\" >&2\n    exit 1\nfi\n# This output is used by Xcode 'outputs' to avoid re-running this script phase.\necho \"SUCCESS\" > \"${SCRIPT_OUTPUT_FILE_0}\"\n";
			showEnvVarsInLog = 0;
		};
/* End PBXShellScriptBuildPhase section */

/* Begin PBXSourcesBuildPhase section */
		340EF5B3231BA24100B9917D /* Sources */ = {
			isa = PBXSourcesBuildPhase;
			buildActionMask = 2147483647;
			files = (
				340EF5CD231BA31300B9917D /* NowPlayingViewController.swift in Sources */,
				340EF5D7231BAC1A00B9917D /* MovieResponse.swift in Sources */,
				340EF5D2231BA3E300B9917D /* NowPlayingListItemTableViewCell.swift in Sources */,
				340EF5BB231BA24100B9917D /* AppDelegate.swift in Sources */,
				340EF5D5231BA84700B9917D /* MovieVO.swift in Sources */,
			);
			runOnlyForDeploymentPostprocessing = 0;
		};
/* End PBXSourcesBuildPhase section */

/* Begin PBXVariantGroup section */
		340EF5BE231BA24100B9917D /* Main.storyboard */ = {
			isa = PBXVariantGroup;
			children = (
				340EF5BF231BA24100B9917D /* Base */,
			);
			name = Main.storyboard;
			sourceTree = "<group>";
		};
		340EF5C3231BA24700B9917D /* LaunchScreen.storyboard */ = {
			isa = PBXVariantGroup;
			children = (
				340EF5C4231BA24700B9917D /* Base */,
			);
			name = LaunchScreen.storyboard;
			sourceTree = "<group>";
		};
/* End PBXVariantGroup section */

/* Begin XCBuildConfiguration section */
		340EF5C7231BA24700B9917D /* Debug */ = {
			isa = XCBuildConfiguration;
			buildSettings = {
				ALWAYS_SEARCH_USER_PATHS = NO;
				CLANG_ANALYZER_NONNULL = YES;
				CLANG_ANALYZER_NUMBER_OBJECT_CONVERSION = YES_AGGRESSIVE;
				CLANG_CXX_LANGUAGE_STANDARD = "gnu++14";
				CLANG_CXX_LIBRARY = "libc++";
				CLANG_ENABLE_MODULES = YES;
				CLANG_ENABLE_OBJC_ARC = YES;
				CLANG_ENABLE_OBJC_WEAK = YES;
				CLANG_WARN_BLOCK_CAPTURE_AUTORELEASING = YES;
				CLANG_WARN_BOOL_CONVERSION = YES;
				CLANG_WARN_COMMA = YES;
				CLANG_WARN_CONSTANT_CONVERSION = YES;
				CLANG_WARN_DEPRECATED_OBJC_IMPLEMENTATIONS = YES;
				CLANG_WARN_DIRECT_OBJC_ISA_USAGE = YES_ERROR;
				CLANG_WARN_DOCUMENTATION_COMMENTS = YES;
				CLANG_WARN_EMPTY_BODY = YES;
				CLANG_WARN_ENUM_CONVERSION = YES;
				CLANG_WARN_INFINITE_RECURSION = YES;
				CLANG_WARN_INT_CONVERSION = YES;
				CLANG_WARN_NON_LITERAL_NULL_CONVERSION = YES;
				CLANG_WARN_OBJC_IMPLICIT_RETAIN_SELF = YES;
				CLANG_WARN_OBJC_LITERAL_CONVERSION = YES;
				CLANG_WARN_OBJC_ROOT_CLASS = YES_ERROR;
				CLANG_WARN_RANGE_LOOP_ANALYSIS = YES;
				CLANG_WARN_STRICT_PROTOTYPES = YES;
				CLANG_WARN_SUSPICIOUS_MOVE = YES;
				CLANG_WARN_UNGUARDED_AVAILABILITY = YES_AGGRESSIVE;
				CLANG_WARN_UNREACHABLE_CODE = YES;
				CLANG_WARN__DUPLICATE_METHOD_MATCH = YES;
				CODE_SIGN_IDENTITY = "iPhone Developer";
				COPY_PHASE_STRIP = NO;
				DEBUG_INFORMATION_FORMAT = dwarf;
				ENABLE_STRICT_OBJC_MSGSEND = YES;
				ENABLE_TESTABILITY = YES;
				GCC_C_LANGUAGE_STANDARD = gnu11;
				GCC_DYNAMIC_NO_PIC = NO;
				GCC_NO_COMMON_BLOCKS = YES;
				GCC_OPTIMIZATION_LEVEL = 0;
				GCC_PREPROCESSOR_DEFINITIONS = (
					"DEBUG=1",
					"$(inherited)",
				);
				GCC_WARN_64_TO_32_BIT_CONVERSION = YES;
				GCC_WARN_ABOUT_RETURN_TYPE = YES_ERROR;
				GCC_WARN_UNDECLARED_SELECTOR = YES;
				GCC_WARN_UNINITIALIZED_AUTOS = YES_AGGRESSIVE;
				GCC_WARN_UNUSED_FUNCTION = YES;
				GCC_WARN_UNUSED_VARIABLE = YES;
				IPHONEOS_DEPLOYMENT_TARGET = 12.2;
				MTL_ENABLE_DEBUG_INFO = INCLUDE_SOURCE;
				MTL_FAST_MATH = YES;
				ONLY_ACTIVE_ARCH = YES;
				SDKROOT = iphoneos;
				SWIFT_ACTIVE_COMPILATION_CONDITIONS = DEBUG;
				SWIFT_OPTIMIZATION_LEVEL = "-Onone";
			};
			name = Debug;
		};
		340EF5C8231BA24700B9917D /* Release */ = {
			isa = XCBuildConfiguration;
			buildSettings = {
				ALWAYS_SEARCH_USER_PATHS = NO;
				CLANG_ANALYZER_NONNULL = YES;
				CLANG_ANALYZER_NUMBER_OBJECT_CONVERSION = YES_AGGRESSIVE;
				CLANG_CXX_LANGUAGE_STANDARD = "gnu++14";
				CLANG_CXX_LIBRARY = "libc++";
				CLANG_ENABLE_MODULES = YES;
				CLANG_ENABLE_OBJC_ARC = YES;
				CLANG_ENABLE_OBJC_WEAK = YES;
				CLANG_WARN_BLOCK_CAPTURE_AUTORELEASING = YES;
				CLANG_WARN_BOOL_CONVERSION = YES;
				CLANG_WARN_COMMA = YES;
				CLANG_WARN_CONSTANT_CONVERSION = YES;
				CLANG_WARN_DEPRECATED_OBJC_IMPLEMENTATIONS = YES;
				CLANG_WARN_DIRECT_OBJC_ISA_USAGE = YES_ERROR;
				CLANG_WARN_DOCUMENTATION_COMMENTS = YES;
				CLANG_WARN_EMPTY_BODY = YES;
				CLANG_WARN_ENUM_CONVERSION = YES;
				CLANG_WARN_INFINITE_RECURSION = YES;
				CLANG_WARN_INT_CONVERSION = YES;
				CLANG_WARN_NON_LITERAL_NULL_CONVERSION = YES;
				CLANG_WARN_OBJC_IMPLICIT_RETAIN_SELF = YES;
				CLANG_WARN_OBJC_LITERAL_CONVERSION = YES;
				CLANG_WARN_OBJC_ROOT_CLASS = YES_ERROR;
				CLANG_WARN_RANGE_LOOP_ANALYSIS = YES;
				CLANG_WARN_STRICT_PROTOTYPES = YES;
				CLANG_WARN_SUSPICIOUS_MOVE = YES;
				CLANG_WARN_UNGUARDED_AVAILABILITY = YES_AGGRESSIVE;
				CLANG_WARN_UNREACHABLE_CODE = YES;
				CLANG_WARN__DUPLICATE_METHOD_MATCH = YES;
				CODE_SIGN_IDENTITY = "iPhone Developer";
				COPY_PHASE_STRIP = NO;
				DEBUG_INFORMATION_FORMAT = "dwarf-with-dsym";
				ENABLE_NS_ASSERTIONS = NO;
				ENABLE_STRICT_OBJC_MSGSEND = YES;
				GCC_C_LANGUAGE_STANDARD = gnu11;
				GCC_NO_COMMON_BLOCKS = YES;
				GCC_WARN_64_TO_32_BIT_CONVERSION = YES;
				GCC_WARN_ABOUT_RETURN_TYPE = YES_ERROR;
				GCC_WARN_UNDECLARED_SELECTOR = YES;
				GCC_WARN_UNINITIALIZED_AUTOS = YES_AGGRESSIVE;
				GCC_WARN_UNUSED_FUNCTION = YES;
				GCC_WARN_UNUSED_VARIABLE = YES;
				IPHONEOS_DEPLOYMENT_TARGET = 12.2;
				MTL_ENABLE_DEBUG_INFO = NO;
				MTL_FAST_MATH = YES;
				SDKROOT = iphoneos;
				SWIFT_COMPILATION_MODE = wholemodule;
				SWIFT_OPTIMIZATION_LEVEL = "-O";
				VALIDATE_PRODUCT = YES;
			};
			name = Release;
		};
		340EF5CA231BA24700B9917D /* Debug */ = {
			isa = XCBuildConfiguration;
			baseConfigurationReference = 22E985F80774688E24383D1B /* Pods-The Movie App.debug.xcconfig */;
			buildSettings = {
				ASSETCATALOG_COMPILER_APPICON_NAME = AppIcon;
				CODE_SIGN_STYLE = Automatic;
				DEVELOPMENT_TEAM = 64F6CM5Y8X;
				INFOPLIST_FILE = "The Movie App/Info.plist";
				LD_RUNPATH_SEARCH_PATHS = (
					"$(inherited)",
					"@executable_path/Frameworks",
				);
				PRODUCT_BUNDLE_IDENTIFIER = "com.padc.The-Movie-App";
				PRODUCT_NAME = "$(TARGET_NAME)";
				SWIFT_VERSION = 5.0;
				TARGETED_DEVICE_FAMILY = "1,2";
			};
			name = Debug;
		};
		340EF5CB231BA24700B9917D /* Release */ = {
			isa = XCBuildConfiguration;
			baseConfigurationReference = 4C86DACA3070456F01C238E6 /* Pods-The Movie App.release.xcconfig */;
			buildSettings = {
				ASSETCATALOG_COMPILER_APPICON_NAME = AppIcon;
				CODE_SIGN_STYLE = Automatic;
				DEVELOPMENT_TEAM = 64F6CM5Y8X;
				INFOPLIST_FILE = "The Movie App/Info.plist";
				LD_RUNPATH_SEARCH_PATHS = (
					"$(inherited)",
					"@executable_path/Frameworks",
				);
				PRODUCT_BUNDLE_IDENTIFIER = "com.padc.The-Movie-App";
				PRODUCT_NAME = "$(TARGET_NAME)";
				SWIFT_VERSION = 5.0;
				TARGETED_DEVICE_FAMILY = "1,2";
			};
			name = Release;
		};
/* End XCBuildConfiguration section */

/* Begin XCConfigurationList section */
		340EF5B2231BA24100B9917D /* Build configuration list for PBXProject "The Movie App" */ = {
			isa = XCConfigurationList;
			buildConfigurations = (
				340EF5C7231BA24700B9917D /* Debug */,
				340EF5C8231BA24700B9917D /* Release */,
			);
			defaultConfigurationIsVisible = 0;
			defaultConfigurationName = Release;
		};
		340EF5C9231BA24700B9917D /* Build configuration list for PBXNativeTarget "The Movie App" */ = {
			isa = XCConfigurationList;
			buildConfigurations = (
				340EF5CA231BA24700B9917D /* Debug */,
				340EF5CB231BA24700B9917D /* Release */,
			);
			defaultConfigurationIsVisible = 0;
			defaultConfigurationName = Release;
		};
/* End XCConfigurationList section */
	};
	rootObject = 340EF5AF231BA24100B9917D /* Project object */;
}
